
Microsoft Visual Studio Solution File, Format Version 12.00
# Visual Studio Version 17
VisualStudioVersion = 17.13.35825.156
MinimumVisualStudioVersion = 10.0.40219.1
Project("{FAE04EC0-301F-11D3-BF4B-00C04F79EFBC}") = "Laby1-2", "Laby1-2.csproj", "{3A36D017-4682-47E0-8838-1A12566840D2}"
EndProject
Project("{FAE04EC0-301F-11D3-BF4B-00C04F79EFBC}") = "Laby1-2.Tests", "..\Laby1-2.Tests\Laby1-2.Tests.csproj", "{1A3361FE-2263-430C-B294-AA87F273005F}"
EndProject
Global
	GlobalSection(SolutionConfigurationPlatforms) = preSolution
		Debug|Any CPU = Debug|Any CPU
		Release|Any CPU = Release|Any CPU
	EndGlobalSection
	GlobalSection(ProjectConfigurationPlatforms) = postSolution
		{3A36D017-4682-47E0-8838-1A12566840D2}.Debug|Any CPU.ActiveCfg = Debug|Any CPU
		{3A36D017-4682-47E0-8838-1A12566840D2}.Debug|Any CPU.Build.0 = Debug|Any CPU
		{3A36D017-4682-47E0-8838-1A12566840D2}.Release|Any CPU.ActiveCfg = Release|Any CPU
		{3A36D017-4682-47E0-8838-1A12566840D2}.Release|Any CPU.Build.0 = Release|Any CPU
		{1A3361FE-2263-430C-B294-AA87F273005F}.Debug|Any CPU.ActiveCfg = Debug|Any CPU
		{1A3361FE-2263-430C-B294-AA87F273005F}.Debug|Any CPU.Build.0 = Debug|Any CPU
		{1A3361FE-2263-430C-B294-AA87F273005F}.Release|Any CPU.ActiveCfg = Release|Any CPU
		{1A3361FE-2263-430C-B294-AA87F273005F}.Release|Any CPU.Build.0 = Release|Any CPU
	EndGlobalSection
	GlobalSection(SolutionProperties) = preSolution
		HideSolutionNode = FALSE
	EndGlobalSection
	GlobalSection(ExtensibilityGlobals) = postSolution
		SolutionGuid = {8E281D0E-FD4D-464C-B807-4B7833ABC7AD}
	EndGlobalSection
EndGlobal
